
Microsoft Visual Studio Solution File, Format Version 12.00
Project("{2150E333-8FDC-42A3-9474-1A3956D46DE8}") = "src", "src", "{9A39920B-07CA-47D4-895D-ECF6DED07945}"
EndProject
Project("{2150E333-8FDC-42A3-9474-1A3956D46DE8}") = "tests", "tests", "{8FA24F21-621A-4201-9A41-09C722147B7D}"
EndProject
Project("{FAE04EC0-301F-11D3-BF4B-00C04F79EFBC}") = "SmartHome.BusinessLogic", "src\SmartHome.BusinessLogic\SmartHome.BusinessLogic.csproj", "{68538FEA-B44E-423A-847C-FD4EAED82950}"
EndProject
Project("{FAE04EC0-301F-11D3-BF4B-00C04F79EFBC}") = "SmartHome.BusinessLogic.Tests", "tests\SmartHome.BusinessLogic.Tests\SmartHome.BusinessLogic.Tests.csproj", "{BD986292-7F80-410F-822A-26FAAF5B4968}"
EndProject
Project("{FAE04EC0-301F-11D3-BF4B-00C04F79EFBC}") = "SmartHome.WebApi", "src\SmartHome.WebApi\SmartHome.WebApi.csproj", "{173BF82C-995E-412F-84C8-26C3DE8AA0B2}"
EndProject
Project("{FAE04EC0-301F-11D3-BF4B-00C04F79EFBC}") = "SmartHome.DataAccess", "src\SmartHome.DataAccess\SmartHome.DataAccess.csproj", "{B9D66BD6-1390-4150-910C-14FA40CEC499}"
EndProject
Project("{FAE04EC0-301F-11D3-BF4B-00C04F79EFBC}") = "SmartHome.DataAccess.Tests", "tests\SmartHome.DataAccess.Tests\SmartHome.DataAccess.Tests.csproj", "{60FC3AB2-3902-4B0F-A741-CDCCABE1546A}"
EndProject
Project("{FAE04EC0-301F-11D3-BF4B-00C04F79EFBC}") = "SmartHome.WebApi.Tests", "tests\SmartHome.WebApi.Tests\SmartHome.WebApi.Tests.csproj", "{DCF3253C-4590-4FC5-81FB-E9ED06C79825}"
EndProject
Project("{2150E333-8FDC-42A3-9474-1A3956D46DE8}") = "Validators", "Validators", "{5552AC4A-C302-49B4-A163-D41C7308390E}"
EndProject
Project("{FAE04EC0-301F-11D3-BF4B-00C04F79EFBC}") = "ModelValidator", "src\Validators\ModelValidator\ModelValidator.csproj", "{EE8A4039-C910-492E-BE62-EDFD16C0CB1E}"
EndProject
Project("{FAE04EC0-301F-11D3-BF4B-00C04F79EFBC}") = "InterfaceValidator", "src\Validators\InterfaceValidator\InterfaceValidator.csproj", "{EFC66F4D-AE2A-4267-B51C-2E7542363D11}"
EndProject
Project("{2150E333-8FDC-42A3-9474-1A3956D46DE8}") = "Importers", "Importers", "{E6F0709A-DAF4-4A2C-86A7-0B0F5BB3873F}"
EndProject
Project("{FAE04EC0-301F-11D3-BF4B-00C04F79EFBC}") = "DevicesImporter", "src\Importers\DevicesImporter\DevicesImporter.csproj", "{0957CB94-E064-45CC-9523-DE50487D81A3}"
EndProject
Project("{FAE04EC0-301F-11D3-BF4B-00C04F79EFBC}") = "JsonDevicesImporter", "src\Importers\JsonDevicesImporter\JsonDevicesImporter.csproj", "{EF652544-3456-41D6-8770-E6817FD8523E}"
EndProject
Global
	GlobalSection(SolutionConfigurationPlatforms) = preSolution
		Debug|Any CPU = Debug|Any CPU
		Release|Any CPU = Release|Any CPU
	EndGlobalSection
	GlobalSection(NestedProjects) = preSolution
		{68538FEA-B44E-423A-847C-FD4EAED82950} = {9A39920B-07CA-47D4-895D-ECF6DED07945}
		{BD986292-7F80-410F-822A-26FAAF5B4968} = {8FA24F21-621A-4201-9A41-09C722147B7D}
		{173BF82C-995E-412F-84C8-26C3DE8AA0B2} = {9A39920B-07CA-47D4-895D-ECF6DED07945}
		{B9D66BD6-1390-4150-910C-14FA40CEC499} = {9A39920B-07CA-47D4-895D-ECF6DED07945}
		{60FC3AB2-3902-4B0F-A741-CDCCABE1546A} = {8FA24F21-621A-4201-9A41-09C722147B7D}
		{DCF3253C-4590-4FC5-81FB-E9ED06C79825} = {8FA24F21-621A-4201-9A41-09C722147B7D}
		{5552AC4A-C302-49B4-A163-D41C7308390E} = {9A39920B-07CA-47D4-895D-ECF6DED07945}
		{EE8A4039-C910-492E-BE62-EDFD16C0CB1E} = {5552AC4A-C302-49B4-A163-D41C7308390E}
		{EFC66F4D-AE2A-4267-B51C-2E7542363D11} = {5552AC4A-C302-49B4-A163-D41C7308390E}
		{E6F0709A-DAF4-4A2C-86A7-0B0F5BB3873F} = {9A39920B-07CA-47D4-895D-ECF6DED07945}
		{0957CB94-E064-45CC-9523-DE50487D81A3} = {E6F0709A-DAF4-4A2C-86A7-0B0F5BB3873F}
		{EF652544-3456-41D6-8770-E6817FD8523E} = {E6F0709A-DAF4-4A2C-86A7-0B0F5BB3873F}
	EndGlobalSection
	GlobalSection(ProjectConfigurationPlatforms) = postSolution
		{68538FEA-B44E-423A-847C-FD4EAED82950}.Debug|Any CPU.ActiveCfg = Debug|Any CPU
		{68538FEA-B44E-423A-847C-FD4EAED82950}.Debug|Any CPU.Build.0 = Debug|Any CPU
		{68538FEA-B44E-423A-847C-FD4EAED82950}.Release|Any CPU.ActiveCfg = Release|Any CPU
		{68538FEA-B44E-423A-847C-FD4EAED82950}.Release|Any CPU.Build.0 = Release|Any CPU
		{BD986292-7F80-410F-822A-26FAAF5B4968}.Debug|Any CPU.ActiveCfg = Debug|Any CPU
		{BD986292-7F80-410F-822A-26FAAF5B4968}.Debug|Any CPU.Build.0 = Debug|Any CPU
		{BD986292-7F80-410F-822A-26FAAF5B4968}.Release|Any CPU.ActiveCfg = Release|Any CPU
		{BD986292-7F80-410F-822A-26FAAF5B4968}.Release|Any CPU.Build.0 = Release|Any CPU
		{173BF82C-995E-412F-84C8-26C3DE8AA0B2}.Debug|Any CPU.ActiveCfg = Debug|Any CPU
		{173BF82C-995E-412F-84C8-26C3DE8AA0B2}.Debug|Any CPU.Build.0 = Debug|Any CPU
		{173BF82C-995E-412F-84C8-26C3DE8AA0B2}.Release|Any CPU.ActiveCfg = Release|Any CPU
		{173BF82C-995E-412F-84C8-26C3DE8AA0B2}.Release|Any CPU.Build.0 = Release|Any CPU
		{B9D66BD6-1390-4150-910C-14FA40CEC499}.Debug|Any CPU.ActiveCfg = Debug|Any CPU
		{B9D66BD6-1390-4150-910C-14FA40CEC499}.Debug|Any CPU.Build.0 = Debug|Any CPU
		{B9D66BD6-1390-4150-910C-14FA40CEC499}.Release|Any CPU.ActiveCfg = Release|Any CPU
		{B9D66BD6-1390-4150-910C-14FA40CEC499}.Release|Any CPU.Build.0 = Release|Any CPU
		{60FC3AB2-3902-4B0F-A741-CDCCABE1546A}.Debug|Any CPU.ActiveCfg = Debug|Any CPU
		{60FC3AB2-3902-4B0F-A741-CDCCABE1546A}.Debug|Any CPU.Build.0 = Debug|Any CPU
		{60FC3AB2-3902-4B0F-A741-CDCCABE1546A}.Release|Any CPU.ActiveCfg = Release|Any CPU
		{60FC3AB2-3902-4B0F-A741-CDCCABE1546A}.Release|Any CPU.Build.0 = Release|Any CPU
		{DCF3253C-4590-4FC5-81FB-E9ED06C79825}.Debug|Any CPU.ActiveCfg = Debug|Any CPU
		{DCF3253C-4590-4FC5-81FB-E9ED06C79825}.Debug|Any CPU.Build.0 = Debug|Any CPU
		{DCF3253C-4590-4FC5-81FB-E9ED06C79825}.Release|Any CPU.ActiveCfg = Release|Any CPU
		{DCF3253C-4590-4FC5-81FB-E9ED06C79825}.Release|Any CPU.Build.0 = Release|Any CPU
		{EE8A4039-C910-492E-BE62-EDFD16C0CB1E}.Debug|Any CPU.ActiveCfg = Debug|Any CPU
		{EE8A4039-C910-492E-BE62-EDFD16C0CB1E}.Debug|Any CPU.Build.0 = Debug|Any CPU
		{EE8A4039-C910-492E-BE62-EDFD16C0CB1E}.Release|Any CPU.ActiveCfg = Release|Any CPU
		{EE8A4039-C910-492E-BE62-EDFD16C0CB1E}.Release|Any CPU.Build.0 = Release|Any CPU
		{EFC66F4D-AE2A-4267-B51C-2E7542363D11}.Debug|Any CPU.ActiveCfg = Debug|Any CPU
		{EFC66F4D-AE2A-4267-B51C-2E7542363D11}.Debug|Any CPU.Build.0 = Debug|Any CPU
		{EFC66F4D-AE2A-4267-B51C-2E7542363D11}.Release|Any CPU.ActiveCfg = Release|Any CPU
		{EFC66F4D-AE2A-4267-B51C-2E7542363D11}.Release|Any CPU.Build.0 = Release|Any CPU
		{0957CB94-E064-45CC-9523-DE50487D81A3}.Debug|Any CPU.ActiveCfg = Debug|Any CPU
		{0957CB94-E064-45CC-9523-DE50487D81A3}.Debug|Any CPU.Build.0 = Debug|Any CPU
		{0957CB94-E064-45CC-9523-DE50487D81A3}.Release|Any CPU.ActiveCfg = Release|Any CPU
		{0957CB94-E064-45CC-9523-DE50487D81A3}.Release|Any CPU.Build.0 = Release|Any CPU
		{EF652544-3456-41D6-8770-E6817FD8523E}.Debug|Any CPU.ActiveCfg = Debug|Any CPU
		{EF652544-3456-41D6-8770-E6817FD8523E}.Debug|Any CPU.Build.0 = Debug|Any CPU
		{EF652544-3456-41D6-8770-E6817FD8523E}.Release|Any CPU.ActiveCfg = Release|Any CPU
		{EF652544-3456-41D6-8770-E6817FD8523E}.Release|Any CPU.Build.0 = Release|Any CPU
	EndGlobalSection
EndGlobal
